// !$*UTF8*$!
{
	archiveVersion = 1;
	classes = {
	};
	objectVersion = 50;
	objects = {

/* Begin PBXBuildFile section */
		83299A9721530F1400348854 /* ParseConstants.swift in Sources */ = {isa = PBXBuildFile; fileRef = 83299A9621530F1400348854 /* ParseConstants.swift */; };
		83299AA12153182100348854 /* Convenience.swift in Sources */ = {isa = PBXBuildFile; fileRef = 83299AA02153182100348854 /* Convenience.swift */; };
		83349AAA214728B3001D3302 /* LocationList.storyboard in Resources */ = {isa = PBXBuildFile; fileRef = 83349AA9214728B3001D3302 /* LocationList.storyboard */; };
		8368085421C8B842000C3E43 /* StudentListCell.swift in Sources */ = {isa = PBXBuildFile; fileRef = 8368085321C8B842000C3E43 /* StudentListCell.swift */; };
		8370031521B48C03009AB20B /* UdacityStudent.swift in Sources */ = {isa = PBXBuildFile; fileRef = 8370031421B48C03009AB20B /* UdacityStudent.swift */; };
		83AA1A022156E913001D33E1 /* ParseClient.swift in Sources */ = {isa = PBXBuildFile; fileRef = 83AA1A012156E913001D33E1 /* ParseClient.swift */; };
		83AA1A072156ECE3001D33E1 /* UdacityConstants.swift in Sources */ = {isa = PBXBuildFile; fileRef = 83AA1A062156ECE3001D33E1 /* UdacityConstants.swift */; };
		83AA1A092156F207001D33E1 /* UdacityClient.swift in Sources */ = {isa = PBXBuildFile; fileRef = 83AA1A082156F207001D33E1 /* UdacityClient.swift */; };
		83AA1A0B215703E8001D33E1 /* ParseConvenience.swift in Sources */ = {isa = PBXBuildFile; fileRef = 83AA1A0A215703E8001D33E1 /* ParseConvenience.swift */; };
		83AA1A0E21583327001D33E1 /* URLBuilder.swift in Sources */ = {isa = PBXBuildFile; fileRef = 83AA1A0D21583327001D33E1 /* URLBuilder.swift */; };
		83AA1A1C215845FD001D33E1 /* AddLocation.storyboard in Resources */ = {isa = PBXBuildFile; fileRef = 83AA1A1A215845FD001D33E1 /* AddLocation.storyboard */; };
		83AA1A1D215845FD001D33E1 /* AddLocationViewController.swift in Sources */ = {isa = PBXBuildFile; fileRef = 83AA1A1B215845FD001D33E1 /* AddLocationViewController.swift */; };
		83AA1A212158460B001D33E1 /* Main.storyboard in Resources */ = {isa = PBXBuildFile; fileRef = 83AA1A1F2158460B001D33E1 /* Main.storyboard */; };
		83AA1A222158460B001D33E1 /* LoginViewController.swift in Sources */ = {isa = PBXBuildFile; fileRef = 83AA1A202158460B001D33E1 /* LoginViewController.swift */; };
		83AA1A242158466B001D33E1 /* StudentLocationCell.swift in Sources */ = {isa = PBXBuildFile; fileRef = 83AA1A232158466B001D33E1 /* StudentLocationCell.swift */; };
		83C4A7E4212E354000F6B94E /* Student.swift in Sources */ = {isa = PBXBuildFile; fileRef = 83C4A7E3212E354000F6B94E /* Student.swift */; };
		83C673B921C6F3EA001DD1F6 /* ListMapViewController.swift in Sources */ = {isa = PBXBuildFile; fileRef = 83C673B821C6F3EA001DD1F6 /* ListMapViewController.swift */; };
		83CF649E2124E4A700DAD14A /* AppDelegate.swift in Sources */ = {isa = PBXBuildFile; fileRef = 83CF649D2124E4A700DAD14A /* AppDelegate.swift */; };
		83CF64A52124E4A900DAD14A /* Assets.xcassets in Resources */ = {isa = PBXBuildFile; fileRef = 83CF64A42124E4A900DAD14A /* Assets.xcassets */; };
		83CF64A82124E4A900DAD14A /* LaunchScreen.storyboard in Resources */ = {isa = PBXBuildFile; fileRef = 83CF64A62124E4A900DAD14A /* LaunchScreen.storyboard */; };
		83FC44D721443EE4006777C6 /* JSON.swift in Sources */ = {isa = PBXBuildFile; fileRef = 83FC44D621443EE4006777C6 /* JSON.swift */; };
/* End PBXBuildFile section */

/* Begin PBXFileReference section */
		83299A9621530F1400348854 /* ParseConstants.swift */ = {isa = PBXFileReference; lastKnownFileType = sourcecode.swift; path = ParseConstants.swift; sourceTree = "<group>"; };
		83299AA02153182100348854 /* Convenience.swift */ = {isa = PBXFileReference; lastKnownFileType = sourcecode.swift; path = Convenience.swift; sourceTree = "<group>"; };
		83349AA9214728B3001D3302 /* LocationList.storyboard */ = {isa = PBXFileReference; lastKnownFileType = file.storyboard; path = LocationList.storyboard; sourceTree = "<group>"; };
		8368085321C8B842000C3E43 /* StudentListCell.swift */ = {isa = PBXFileReference; lastKnownFileType = sourcecode.swift; path = StudentListCell.swift; sourceTree = "<group>"; };
		8370031421B48C03009AB20B /* UdacityStudent.swift */ = {isa = PBXFileReference; lastKnownFileType = sourcecode.swift; path = UdacityStudent.swift; sourceTree = "<group>"; };
		83AA1A012156E913001D33E1 /* ParseClient.swift */ = {isa = PBXFileReference; lastKnownFileType = sourcecode.swift; path = ParseClient.swift; sourceTree = "<group>"; };
		83AA1A062156ECE3001D33E1 /* UdacityConstants.swift */ = {isa = PBXFileReference; lastKnownFileType = sourcecode.swift; path = UdacityConstants.swift; sourceTree = "<group>"; };
		83AA1A082156F207001D33E1 /* UdacityClient.swift */ = {isa = PBXFileReference; lastKnownFileType = sourcecode.swift; path = UdacityClient.swift; sourceTree = "<group>"; };
		83AA1A0A215703E8001D33E1 /* ParseConvenience.swift */ = {isa = PBXFileReference; lastKnownFileType = sourcecode.swift; path = ParseConvenience.swift; sourceTree = "<group>"; };
		83AA1A0D21583327001D33E1 /* URLBuilder.swift */ = {isa = PBXFileReference; lastKnownFileType = sourcecode.swift; path = URLBuilder.swift; sourceTree = "<group>"; };
		83AA1A1A215845FD001D33E1 /* AddLocation.storyboard */ = {isa = PBXFileReference; fileEncoding = 4; lastKnownFileType = file.storyboard; path = AddLocation.storyboard; sourceTree = "<group>"; };
		83AA1A1B215845FD001D33E1 /* AddLocationViewController.swift */ = {isa = PBXFileReference; fileEncoding = 4; lastKnownFileType = sourcecode.swift; path = AddLocationViewController.swift; sourceTree = "<group>"; };
		83AA1A1F2158460B001D33E1 /* Main.storyboard */ = {isa = PBXFileReference; fileEncoding = 4; lastKnownFileType = file.storyboard; path = Main.storyboard; sourceTree = "<group>"; };
		83AA1A202158460B001D33E1 /* LoginViewController.swift */ = {isa = PBXFileReference; fileEncoding = 4; lastKnownFileType = sourcecode.swift; path = LoginViewController.swift; sourceTree = "<group>"; };
		83AA1A232158466B001D33E1 /* StudentLocationCell.swift */ = {isa = PBXFileReference; fileEncoding = 4; lastKnownFileType = sourcecode.swift; name = StudentLocationCell.swift; path = ViewControllers/StudentLocationCell.swift; sourceTree = "<group>"; };
		83C4A7E3212E354000F6B94E /* Student.swift */ = {isa = PBXFileReference; lastKnownFileType = sourcecode.swift; path = Student.swift; sourceTree = "<group>"; };
		83C673B821C6F3EA001DD1F6 /* ListMapViewController.swift */ = {isa = PBXFileReference; lastKnownFileType = sourcecode.swift; path = ListMapViewController.swift; sourceTree = "<group>"; };
		83CF649A2124E4A700DAD14A /* OnTheMapProject.app */ = {isa = PBXFileReference; explicitFileType = wrapper.application; includeInIndex = 0; path = OnTheMapProject.app; sourceTree = BUILT_PRODUCTS_DIR; };
		83CF649D2124E4A700DAD14A /* AppDelegate.swift */ = {isa = PBXFileReference; lastKnownFileType = sourcecode.swift; path = AppDelegate.swift; sourceTree = "<group>"; };
		83CF64A42124E4A900DAD14A /* Assets.xcassets */ = {isa = PBXFileReference; lastKnownFileType = folder.assetcatalog; path = Assets.xcassets; sourceTree = "<group>"; };
		83CF64A72124E4A900DAD14A /* Base */ = {isa = PBXFileReference; lastKnownFileType = file.storyboard; name = Base; path = Base.lproj/LaunchScreen.storyboard; sourceTree = "<group>"; };
		83CF64A92124E4A900DAD14A /* Info.plist */ = {isa = PBXFileReference; lastKnownFileType = text.plist.xml; path = Info.plist; sourceTree = "<group>"; };
		83FC44D621443EE4006777C6 /* JSON.swift */ = {isa = PBXFileReference; lastKnownFileType = sourcecode.swift; path = JSON.swift; sourceTree = "<group>"; };
/* End PBXFileReference section */

/* Begin PBXFrameworksBuildPhase section */
		83CF64972124E4A700DAD14A /* Frameworks */ = {
			isa = PBXFrameworksBuildPhase;
			buildActionMask = 2147483647;
			files = (
			);
			runOnlyForDeploymentPostprocessing = 0;
		};
/* End PBXFrameworksBuildPhase section */

/* Begin PBXGroup section */
		83299A9A2153178500348854 /* Model */ = {
			isa = PBXGroup;
			children = (
				83AA1A032156EC84001D33E1 /* Clients */,
				83299AA02153182100348854 /* Convenience.swift */,
				83AA1A0D21583327001D33E1 /* URLBuilder.swift */,
			);
			path = Model;
			sourceTree = "<group>";
		};
		83AA1A032156EC84001D33E1 /* Clients */ = {
			isa = PBXGroup;
			children = (
				83AA1A052156ECD8001D33E1 /* Udacity */,
				83AA1A042156EC8B001D33E1 /* Parse */,
			);
			path = Clients;
			sourceTree = "<group>";
		};
		83AA1A042156EC8B001D33E1 /* Parse */ = {
			isa = PBXGroup;
			children = (
				83AA1A012156E913001D33E1 /* ParseClient.swift */,
				83299A9621530F1400348854 /* ParseConstants.swift */,
				83AA1A0A215703E8001D33E1 /* ParseConvenience.swift */,
				83C4A7E3212E354000F6B94E /* Student.swift */,
			);
			path = Parse;
			sourceTree = "<group>";
		};
		83AA1A052156ECD8001D33E1 /* Udacity */ = {
			isa = PBXGroup;
			children = (
				83AA1A062156ECE3001D33E1 /* UdacityConstants.swift */,
				83AA1A082156F207001D33E1 /* UdacityClient.swift */,
				8370031421B48C03009AB20B /* UdacityStudent.swift */,
			);
			path = Udacity;
			sourceTree = "<group>";
		};
		83AA1A1521584479001D33E1 /* Map */ = {
			isa = PBXGroup;
			children = (
			);
			path = Map;
			sourceTree = "<group>";
		};
		83AA1A1621584481001D33E1 /* StudentList */ = {
			isa = PBXGroup;
			children = (
				83349AA9214728B3001D3302 /* LocationList.storyboard */,
				83C673B821C6F3EA001DD1F6 /* ListMapViewController.swift */,
				8368085321C8B842000C3E43 /* StudentListCell.swift */,
			);
			path = StudentList;
			sourceTree = "<group>";
		};
		83AA1A19215845FD001D33E1 /* AddLocation */ = {
			isa = PBXGroup;
			children = (
				83AA1A1B215845FD001D33E1 /* AddLocationViewController.swift */,
				83AA1A1A215845FD001D33E1 /* AddLocation.storyboard */,
			);
			name = AddLocation;
			path = OnTheMapProject/AddLocation;
			sourceTree = SOURCE_ROOT;
		};
		83AA1A1E2158460B001D33E1 /* Login */ = {
			isa = PBXGroup;
			children = (
				83AA1A202158460B001D33E1 /* LoginViewController.swift */,
				83AA1A1F2158460B001D33E1 /* Main.storyboard */,
			);
			path = Login;
			sourceTree = "<group>";
		};
		83CF64912124E4A700DAD14A = {
			isa = PBXGroup;
			children = (
				83CF649C2124E4A700DAD14A /* OnTheMapProject */,
				83CF649B2124E4A700DAD14A /* Products */,
			);
			sourceTree = "<group>";
		};
		83CF649B2124E4A700DAD14A /* Products */ = {
			isa = PBXGroup;
			children = (
				83CF649A2124E4A700DAD14A /* OnTheMapProject.app */,
			);
			name = Products;
			sourceTree = "<group>";
		};
		83CF649C2124E4A700DAD14A /* OnTheMapProject */ = {
			isa = PBXGroup;
			children = (
				83AA1A232158466B001D33E1 /* StudentLocationCell.swift */,
				83AA1A1E2158460B001D33E1 /* Login */,
				83AA1A19215845FD001D33E1 /* AddLocation */,
				83AA1A1621584481001D33E1 /* StudentList */,
				83AA1A1521584479001D33E1 /* Map */,
				83FC44D621443EE4006777C6 /* JSON.swift */,
				83299A9A2153178500348854 /* Model */,
				83CF649D2124E4A700DAD14A /* AppDelegate.swift */,
				83CF64A42124E4A900DAD14A /* Assets.xcassets */,
				83CF64A62124E4A900DAD14A /* LaunchScreen.storyboard */,
				83CF64A92124E4A900DAD14A /* Info.plist */,
			);
			path = OnTheMapProject;
			sourceTree = "<group>";
		};
/* End PBXGroup section */

/* Begin PBXNativeTarget section */
		83CF64992124E4A700DAD14A /* OnTheMapProject */ = {
			isa = PBXNativeTarget;
			buildConfigurationList = 83CF64AC2124E4A900DAD14A /* Build configuration list for PBXNativeTarget "OnTheMapProject" */;
			buildPhases = (
				83CF64962124E4A700DAD14A /* Sources */,
				83CF64972124E4A700DAD14A /* Frameworks */,
				83CF64982124E4A700DAD14A /* Resources */,
			);
			buildRules = (
			);
			dependencies = (
			);
			name = OnTheMapProject;
			productName = OnTheMapProject;
			productReference = 83CF649A2124E4A700DAD14A /* OnTheMapProject.app */;
			productType = "com.apple.product-type.application";
		};
/* End PBXNativeTarget section */

/* Begin PBXProject section */
		83CF64922124E4A700DAD14A /* Project object */ = {
			isa = PBXProject;
			attributes = {
				LastSwiftUpdateCheck = 0940;
				LastUpgradeCheck = 0940;
				ORGANIZATIONNAME = "Sean Conrad";
				TargetAttributes = {
					83CF64992124E4A700DAD14A = {
						CreatedOnToolsVersion = 9.4.1;
					};
				};
			};
			buildConfigurationList = 83CF64952124E4A700DAD14A /* Build configuration list for PBXProject "OnTheMapProject" */;
			compatibilityVersion = "Xcode 9.3";
			developmentRegion = en;
			hasScannedForEncodings = 0;
			knownRegions = (
				en,
				Base,
			);
			mainGroup = 83CF64912124E4A700DAD14A;
			productRefGroup = 83CF649B2124E4A700DAD14A /* Products */;
			projectDirPath = "";
			projectRoot = "";
			targets = (
				83CF64992124E4A700DAD14A /* OnTheMapProject */,
			);
		};
/* End PBXProject section */

/* Begin PBXResourcesBuildPhase section */
		83CF64982124E4A700DAD14A /* Resources */ = {
			isa = PBXResourcesBuildPhase;
			buildActionMask = 2147483647;
			files = (
				83AA1A1C215845FD001D33E1 /* AddLocation.storyboard in Resources */,
				83CF64A82124E4A900DAD14A /* LaunchScreen.storyboard in Resources */,
				83AA1A212158460B001D33E1 /* Main.storyboard in Resources */,
				83CF64A52124E4A900DAD14A /* Assets.xcassets in Resources */,
				83349AAA214728B3001D3302 /* LocationList.storyboard in Resources */,
			);
			runOnlyForDeploymentPostprocessing = 0;
		};
/* End PBXResourcesBuildPhase section */

/* Begin PBXSourcesBuildPhase section */
		83CF64962124E4A700DAD14A /* Sources */ = {
			isa = PBXSourcesBuildPhase;
			buildActionMask = 2147483647;
			files = (
				83FC44D721443EE4006777C6 /* JSON.swift in Sources */,
				83AA1A072156ECE3001D33E1 /* UdacityConstants.swift in Sources */,
				83CF649E2124E4A700DAD14A /* AppDelegate.swift in Sources */,
				83AA1A242158466B001D33E1 /* StudentLocationCell.swift in Sources */,
				83AA1A0E21583327001D33E1 /* URLBuilder.swift in Sources */,
				83AA1A0B215703E8001D33E1 /* ParseConvenience.swift in Sources */,
				83C673B921C6F3EA001DD1F6 /* ListMapViewController.swift in Sources */,
				8368085421C8B842000C3E43 /* StudentListCell.swift in Sources */,
				83AA1A092156F207001D33E1 /* UdacityClient.swift in Sources */,
				83C4A7E4212E354000F6B94E /* Student.swift in Sources */,
				83AA1A022156E913001D33E1 /* ParseClient.swift in Sources */,
				83299A9721530F1400348854 /* ParseConstants.swift in Sources */,
				83299AA12153182100348854 /* Convenience.swift in Sources */,
				8370031521B48C03009AB20B /* UdacityStudent.swift in Sources */,
				83AA1A222158460B001D33E1 /* LoginViewController.swift in Sources */,
				83AA1A1D215845FD001D33E1 /* AddLocationViewController.swift in Sources */,
			);
			runOnlyForDeploymentPostprocessing = 0;
		};
/* End PBXSourcesBuildPhase section */

/* Begin PBXVariantGroup section */
		83CF64A62124E4A900DAD14A /* LaunchScreen.storyboard */ = {
			isa = PBXVariantGroup;
			children = (
				83CF64A72124E4A900DAD14A /* Base */,
			);
			name = LaunchScreen.storyboard;
			sourceTree = "<group>";
		};
/* End PBXVariantGroup section */

/* Begin XCBuildConfiguration section */
		83CF64AA2124E4A900DAD14A /* Debug */ = {
			isa = XCBuildConfiguration;
			buildSettings = {
				ALWAYS_SEARCH_USER_PATHS = NO;
				CLANG_ANALYZER_NONNULL = YES;
				CLANG_ANALYZER_NUMBER_OBJECT_CONVERSION = YES_AGGRESSIVE;
				CLANG_CXX_LANGUAGE_STANDARD = "gnu++14";
				CLANG_CXX_LIBRARY = "libc++";
				CLANG_ENABLE_MODULES = YES;
				CLANG_ENABLE_OBJC_ARC = YES;
				CLANG_ENABLE_OBJC_WEAK = YES;
				CLANG_WARN_BLOCK_CAPTURE_AUTORELEASING = YES;
				CLANG_WARN_BOOL_CONVERSION = YES;
				CLANG_WARN_COMMA = YES;
				CLANG_WARN_CONSTANT_CONVERSION = YES;
				CLANG_WARN_DEPRECATED_OBJC_IMPLEMENTATIONS = YES;
				CLANG_WARN_DIRECT_OBJC_ISA_USAGE = YES_ERROR;
				CLANG_WARN_DOCUMENTATION_COMMENTS = YES;
				CLANG_WARN_EMPTY_BODY = YES;
				CLANG_WARN_ENUM_CONVERSION = YES;
				CLANG_WARN_INFINITE_RECURSION = YES;
				CLANG_WARN_INT_CONVERSION = YES;
				CLANG_WARN_NON_LITERAL_NULL_CONVERSION = YES;
				CLANG_WARN_OBJC_IMPLICIT_RETAIN_SELF = YES;
				CLANG_WARN_OBJC_LITERAL_CONVERSION = YES;
				CLANG_WARN_OBJC_ROOT_CLASS = YES_ERROR;
				CLANG_WARN_RANGE_LOOP_ANALYSIS = YES;
				CLANG_WARN_STRICT_PROTOTYPES = YES;
				CLANG_WARN_SUSPICIOUS_MOVE = YES;
				CLANG_WARN_UNGUARDED_AVAILABILITY = YES_AGGRESSIVE;
				CLANG_WARN_UNREACHABLE_CODE = YES;
				CLANG_WARN__DUPLICATE_METHOD_MATCH = YES;
				CODE_SIGN_IDENTITY = "iPhone Developer";
				COPY_PHASE_STRIP = NO;
				DEBUG_INFORMATION_FORMAT = dwarf;
				ENABLE_STRICT_OBJC_MSGSEND = YES;
				ENABLE_TESTABILITY = YES;
				GCC_C_LANGUAGE_STANDARD = gnu11;
				GCC_DYNAMIC_NO_PIC = NO;
				GCC_NO_COMMON_BLOCKS = YES;
				GCC_OPTIMIZATION_LEVEL = 0;
				GCC_PREPROCESSOR_DEFINITIONS = (
					"DEBUG=1",
					"$(inherited)",
				);
				GCC_WARN_64_TO_32_BIT_CONVERSION = YES;
				GCC_WARN_ABOUT_RETURN_TYPE = YES_ERROR;
				GCC_WARN_UNDECLARED_SELECTOR = YES;
				GCC_WARN_UNINITIALIZED_AUTOS = YES_AGGRESSIVE;
				GCC_WARN_UNUSED_FUNCTION = YES;
				GCC_WARN_UNUSED_VARIABLE = YES;
				IPHONEOS_DEPLOYMENT_TARGET = 11.4;
				MTL_ENABLE_DEBUG_INFO = YES;
				ONLY_ACTIVE_ARCH = YES;
				SDKROOT = iphoneos;
				SWIFT_ACTIVE_COMPILATION_CONDITIONS = DEBUG;
				SWIFT_OPTIMIZATION_LEVEL = "-Onone";
			};
			name = Debug;
		};
		83CF64AB2124E4A900DAD14A /* Release */ = {
			isa = XCBuildConfiguration;
			buildSettings = {
				ALWAYS_SEARCH_USER_PATHS = NO;
				CLANG_ANALYZER_NONNULL = YES;
				CLANG_ANALYZER_NUMBER_OBJECT_CONVERSION = YES_AGGRESSIVE;
				CLANG_CXX_LANGUAGE_STANDARD = "gnu++14";
				CLANG_CXX_LIBRARY = "libc++";
				CLANG_ENABLE_MODULES = YES;
				CLANG_ENABLE_OBJC_ARC = YES;
				CLANG_ENABLE_OBJC_WEAK = YES;
				CLANG_WARN_BLOCK_CAPTURE_AUTORELEASING = YES;
				CLANG_WARN_BOOL_CONVERSION = YES;
				CLANG_WARN_COMMA = YES;
				CLANG_WARN_CONSTANT_CONVERSION = YES;
				CLANG_WARN_DEPRECATED_OBJC_IMPLEMENTATIONS = YES;
				CLANG_WARN_DIRECT_OBJC_ISA_USAGE = YES_ERROR;
				CLANG_WARN_DOCUMENTATION_COMMENTS = YES;
				CLANG_WARN_EMPTY_BODY = YES;
				CLANG_WARN_ENUM_CONVERSION = YES;
				CLANG_WARN_INFINITE_RECURSION = YES;
				CLANG_WARN_INT_CONVERSION = YES;
				CLANG_WARN_NON_LITERAL_NULL_CONVERSION = YES;
				CLANG_WARN_OBJC_IMPLICIT_RETAIN_SELF = YES;
				CLANG_WARN_OBJC_LITERAL_CONVERSION = YES;
				CLANG_WARN_OBJC_ROOT_CLASS = YES_ERROR;
				CLANG_WARN_RANGE_LOOP_ANALYSIS = YES;
				CLANG_WARN_STRICT_PROTOTYPES = YES;
				CLANG_WARN_SUSPICIOUS_MOVE = YES;
				CLANG_WARN_UNGUARDED_AVAILABILITY = YES_AGGRESSIVE;
				CLANG_WARN_UNREACHABLE_CODE = YES;
				CLANG_WARN__DUPLICATE_METHOD_MATCH = YES;
				CODE_SIGN_IDENTITY = "iPhone Developer";
				COPY_PHASE_STRIP = NO;
				DEBUG_INFORMATION_FORMAT = "dwarf-with-dsym";
				ENABLE_NS_ASSERTIONS = NO;
				ENABLE_STRICT_OBJC_MSGSEND = YES;
				GCC_C_LANGUAGE_STANDARD = gnu11;
				GCC_NO_COMMON_BLOCKS = YES;
				GCC_WARN_64_TO_32_BIT_CONVERSION = YES;
				GCC_WARN_ABOUT_RETURN_TYPE = YES_ERROR;
				GCC_WARN_UNDECLARED_SELECTOR = YES;
				GCC_WARN_UNINITIALIZED_AUTOS = YES_AGGRESSIVE;
				GCC_WARN_UNUSED_FUNCTION = YES;
				GCC_WARN_UNUSED_VARIABLE = YES;
				IPHONEOS_DEPLOYMENT_TARGET = 11.4;
				MTL_ENABLE_DEBUG_INFO = NO;
				SDKROOT = iphoneos;
				SWIFT_COMPILATION_MODE = wholemodule;
				SWIFT_OPTIMIZATION_LEVEL = "-O";
				VALIDATE_PRODUCT = YES;
			};
			name = Release;
		};
		83CF64AD2124E4A900DAD14A /* Debug */ = {
			isa = XCBuildConfiguration;
			buildSettings = {
				ASSETCATALOG_COMPILER_APPICON_NAME = AppIcon;
				CODE_SIGN_STYLE = Automatic;
				DEVELOPMENT_TEAM = J4D56E3HNB;
				INFOPLIST_FILE = OnTheMapProject/Info.plist;
				LD_RUNPATH_SEARCH_PATHS = (
					"$(inherited)",
					"@executable_path/Frameworks",
				);
				PRODUCT_BUNDLE_IDENTIFIER = com.seanconrad.OnTheMapProject;
				PRODUCT_NAME = "$(TARGET_NAME)";
				SWIFT_VERSION = 4.0;
				TARGETED_DEVICE_FAMILY = "1,2";
			};
			name = Debug;
		};
		83CF64AE2124E4A900DAD14A /* Release */ = {
			isa = XCBuildConfiguration;
			buildSettings = {
				ASSETCATALOG_COMPILER_APPICON_NAME = AppIcon;
				CODE_SIGN_STYLE = Automatic;
				DEVELOPMENT_TEAM = J4D56E3HNB;
				INFOPLIST_FILE = OnTheMapProject/Info.plist;
				LD_RUNPATH_SEARCH_PATHS = (
					"$(inherited)",
					"@executable_path/Frameworks",
				);
				PRODUCT_BUNDLE_IDENTIFIER = com.seanconrad.OnTheMapProject;
				PRODUCT_NAME = "$(TARGET_NAME)";
				SWIFT_VERSION = 4.0;
				TARGETED_DEVICE_FAMILY = "1,2";
			};
			name = Release;
		};
/* End XCBuildConfiguration section */

/* Begin XCConfigurationList section */
		83CF64952124E4A700DAD14A /* Build configuration list for PBXProject "OnTheMapProject" */ = {
			isa = XCConfigurationList;
			buildConfigurations = (
				83CF64AA2124E4A900DAD14A /* Debug */,
				83CF64AB2124E4A900DAD14A /* Release */,
			);
			defaultConfigurationIsVisible = 0;
			defaultConfigurationName = Release;
		};
		83CF64AC2124E4A900DAD14A /* Build configuration list for PBXNativeTarget "OnTheMapProject" */ = {
			isa = XCConfigurationList;
			buildConfigurations = (
				83CF64AD2124E4A900DAD14A /* Debug */,
				83CF64AE2124E4A900DAD14A /* Release */,
			);
			defaultConfigurationIsVisible = 0;
			defaultConfigurationName = Release;
		};
/* End XCConfigurationList section */
	};
	rootObject = 83CF64922124E4A700DAD14A /* Project object */;
}
